
Microsoft Visual Studio Solution File, Format Version 12.00
# Visual Studio Version 16
VisualStudioVersion = 16.0.30804.86
MinimumVisualStudioVersion = 10.0.40219.1
Project("{FAE04EC0-301F-11D3-BF4B-00C04F79EFBC}") = "MineSweaper", "MineSweaper\MineSweaper.csproj", "{4EA5A6D7-0AAF-423A-B7B3-4AEB60D4234F}"
EndProject
Global
	GlobalSection(SolutionConfigurationPlatforms) = preSolution
		Debug|Any CPU = Debug|Any CPU
		Release|Any CPU = Release|Any CPU
	EndGlobalSection
	GlobalSection(ProjectConfigurationPlatforms) = postSolution
		{4EA5A6D7-0AAF-423A-B7B3-4AEB60D4234F}.Debug|Any CPU.ActiveCfg = Debug|Any CPU
		{4EA5A6D7-0AAF-423A-B7B3-4AEB60D4234F}.Debug|Any CPU.Build.0 = Debug|Any CPU
		{4EA5A6D7-0AAF-423A-B7B3-4AEB60D4234F}.Release|Any CPU.ActiveCfg = Release|Any CPU
		{4EA5A6D7-0AAF-423A-B7B3-4AEB60D4234F}.Release|Any CPU.Build.0 = Release|Any CPU
	EndGlobalSection
	GlobalSection(SolutionProperties) = preSolution
		HideSolutionNode = FALSE
	EndGlobalSection
	GlobalSection(ExtensibilityGlobals) = postSolution
		SolutionGuid = {5D663EA3-D1C2-47F7-89D8-0A31F6D471E4}
	EndGlobalSection
EndGlobal
